
Microsoft Visual Studio Solution File, Format Version 12.00
# Visual Studio 2013
VisualStudioVersion = 12.0.31101.0
MinimumVisualStudioVersion = 10.0.40219.1
Project("{FAE04EC0-301F-11D3-BF4B-00C04F79EFBC}") = "WebServicesDemoMovil", "WebServicesDemoMovil\WebServicesDemoMovil.csproj", "{1F115DB3-0C0A-4518-A804-3FF0102D274F}"
EndProject
Project("{2150E333-8FDC-42A3-9474-1A3956D46DE8}") = "TercerasPartes", "TercerasPartes", "{ED8576BD-94A9-4836-8331-B4A5EBAFDBB6}"
	ProjectSection(SolutionItems) = preProject
		TercerasPartes\AccesoDatos.dll = TercerasPartes\AccesoDatos.dll
		TercerasPartes\ADN.UTILIDADES.dll = TercerasPartes\ADN.UTILIDADES.dll
	EndProjectSection
EndProject
Project("{FAE04EC0-301F-11D3-BF4B-00C04F79EFBC}") = "ADN.Entidades", "D:\ADN\Proyectos\CentralMayorista\ADN.Entidades\ADN.Entidades.csproj", "{02D51EFD-FE06-4193-A5F9-3951B27C96D0}"
EndProject
Global
	GlobalSection(SolutionConfigurationPlatforms) = preSolution
		Debug|Any CPU = Debug|Any CPU
		Release|Any CPU = Release|Any CPU
	EndGlobalSection
	GlobalSection(ProjectConfigurationPlatforms) = postSolution
		{1F115DB3-0C0A-4518-A804-3FF0102D274F}.Debug|Any CPU.ActiveCfg = Debug|Any CPU
		{1F115DB3-0C0A-4518-A804-3FF0102D274F}.Debug|Any CPU.Build.0 = Debug|Any CPU
		{1F115DB3-0C0A-4518-A804-3FF0102D274F}.Release|Any CPU.ActiveCfg = Release|Any CPU
		{1F115DB3-0C0A-4518-A804-3FF0102D274F}.Release|Any CPU.Build.0 = Release|Any CPU
		{02D51EFD-FE06-4193-A5F9-3951B27C96D0}.Debug|Any CPU.ActiveCfg = Debug|Any CPU
		{02D51EFD-FE06-4193-A5F9-3951B27C96D0}.Debug|Any CPU.Build.0 = Debug|Any CPU
		{02D51EFD-FE06-4193-A5F9-3951B27C96D0}.Release|Any CPU.ActiveCfg = Release|Any CPU
		{02D51EFD-FE06-4193-A5F9-3951B27C96D0}.Release|Any CPU.Build.0 = Release|Any CPU
	EndGlobalSection
	GlobalSection(SolutionProperties) = preSolution
		HideSolutionNode = FALSE
	EndGlobalSection
EndGlobal
